
Microsoft Visual Studio Solution File, Format Version 12.00
# Visual Studio Version 16
VisualStudioVersion = 16.0.29123.88
MinimumVisualStudioVersion = 10.0.40219.1
Project("{FAE04EC0-301F-11D3-BF4B-00C04F79EFBC}") = "IoT Gas", "IoT Gas\IoT Gas.csproj", "{9B8252CB-DCF2-4D72-8C6A-B9A7E9B2D656}"
EndProject
Global
	GlobalSection(SolutionConfigurationPlatforms) = preSolution
		Debug|Any CPU = Debug|Any CPU
		Release|Any CPU = Release|Any CPU
	EndGlobalSection
	GlobalSection(ProjectConfigurationPlatforms) = postSolution
		{9B8252CB-DCF2-4D72-8C6A-B9A7E9B2D656}.Debug|Any CPU.ActiveCfg = Debug|Any CPU
		{9B8252CB-DCF2-4D72-8C6A-B9A7E9B2D656}.Debug|Any CPU.Build.0 = Debug|Any CPU
		{9B8252CB-DCF2-4D72-8C6A-B9A7E9B2D656}.Release|Any CPU.ActiveCfg = Release|Any CPU
		{9B8252CB-DCF2-4D72-8C6A-B9A7E9B2D656}.Release|Any CPU.Build.0 = Release|Any CPU
	EndGlobalSection
	GlobalSection(SolutionProperties) = preSolution
		HideSolutionNode = FALSE
	EndGlobalSection
	GlobalSection(ExtensibilityGlobals) = postSolution
		SolutionGuid = {071F69DF-5EA1-49F3-A15C-736081E2ADA1}
	EndGlobalSection
EndGlobal
